// !$*UTF8*$!
{
	archiveVersion = 1;
	classes = {
	};
	objectVersion = 48;
	objects = {

/* Begin PBXBuildFile section */
		CC72DEA21FEB88FF001E5234 /* main.swift in Sources */ = {isa = PBXBuildFile; fileRef = CC72DEA11FEB88FF001E5234 /* main.swift */; };
		CC72DEA91FEB8A46001E5234 /* Invitee.swift in Sources */ = {isa = PBXBuildFile; fileRef = CC72DEA81FEB8A46001E5234 /* Invitee.swift */; };
		CC72DEAB1FEB8B20001E5234 /* ShowGenre.swift in Sources */ = {isa = PBXBuildFile; fileRef = CC72DEAA1FEB8B20001E5234 /* ShowGenre.swift */; };
		CC72DEAD1FEB8B9C001E5234 /* InviteList.swift in Sources */ = {isa = PBXBuildFile; fileRef = CC72DEAC1FEB8B9C001E5234 /* InviteList.swift */; };
/* End PBXBuildFile section */

/* Begin PBXCopyFilesBuildPhase section */
		CC72DE9C1FEB88FF001E5234 /* CopyFiles */ = {
			isa = PBXCopyFilesBuildPhase;
			buildActionMask = 2147483647;
			dstPath = /usr/share/man/man1/;
			dstSubfolderSpec = 0;
			files = (
			);
			runOnlyForDeploymentPostprocessing = 1;
		};
/* End PBXCopyFilesBuildPhase section */

/* Begin PBXFileReference section */
		CC72DE9E1FEB88FF001E5234 /* Learning Swift Command Line */ = {isa = PBXFileReference; explicitFileType = "compiled.mach-o.executable"; includeInIndex = 0; path = "Learning Swift Command Line"; sourceTree = BUILT_PRODUCTS_DIR; };
		CC72DEA11FEB88FF001E5234 /* main.swift */ = {isa = PBXFileReference; lastKnownFileType = sourcecode.swift; path = main.swift; sourceTree = "<group>"; };
		CC72DEA81FEB8A46001E5234 /* Invitee.swift */ = {isa = PBXFileReference; lastKnownFileType = sourcecode.swift; path = Invitee.swift; sourceTree = "<group>"; };
		CC72DEAA1FEB8B20001E5234 /* ShowGenre.swift */ = {isa = PBXFileReference; lastKnownFileType = sourcecode.swift; path = ShowGenre.swift; sourceTree = "<group>"; };
		CC72DEAC1FEB8B9C001E5234 /* InviteList.swift */ = {isa = PBXFileReference; lastKnownFileType = sourcecode.swift; path = InviteList.swift; sourceTree = "<group>"; };
/* End PBXFileReference section */

/* Begin PBXFrameworksBuildPhase section */
		CC72DE9B1FEB88FF001E5234 /* Frameworks */ = {
			isa = PBXFrameworksBuildPhase;
			buildActionMask = 2147483647;
			files = (
			);
			runOnlyForDeploymentPostprocessing = 0;
		};
/* End PBXFrameworksBuildPhase section */

/* Begin PBXGroup section */
		CC72DE951FEB88FF001E5234 = {
			isa = PBXGroup;
			children = (
				CC72DEA01FEB88FF001E5234 /* Learning Swift Command Line */,
				CC72DE9F1FEB88FF001E5234 /* Products */,
			);
			sourceTree = "<group>";
		};
		CC72DE9F1FEB88FF001E5234 /* Products */ = {
			isa = PBXGroup;
			children = (
				CC72DE9E1FEB88FF001E5234 /* Learning Swift Command Line */,
			);
			name = Products;
			sourceTree = "<group>";
		};
		CC72DEA01FEB88FF001E5234 /* Learning Swift Command Line */ = {
			isa = PBXGroup;
			children = (
				CC72DEA11FEB88FF001E5234 /* main.swift */,
				CC72DEA81FEB8A46001E5234 /* Invitee.swift */,
				CC72DEAA1FEB8B20001E5234 /* ShowGenre.swift */,
				CC72DEAC1FEB8B9C001E5234 /* InviteList.swift */,
			);
			path = "Learning Swift Command Line";
			sourceTree = "<group>";
		};
/* End PBXGroup section */

/* Begin PBXNativeTarget section */
		CC72DE9D1FEB88FF001E5234 /* Learning Swift Command Line */ = {
			isa = PBXNativeTarget;
			buildConfigurationList = CC72DEA51FEB88FF001E5234 /* Build configuration list for PBXNativeTarget "Learning Swift Command Line" */;
			buildPhases = (
				CC72DE9A1FEB88FF001E5234 /* Sources */,
				CC72DE9B1FEB88FF001E5234 /* Frameworks */,
				CC72DE9C1FEB88FF001E5234 /* CopyFiles */,
			);
			buildRules = (
			);
			dependencies = (
			);
			name = "Learning Swift Command Line";
			productName = "Learning Swift Command Line";
			productReference = CC72DE9E1FEB88FF001E5234 /* Learning Swift Command Line */;
			productType = "com.apple.product-type.tool";
		};
/* End PBXNativeTarget section */

/* Begin PBXProject section */
		CC72DE961FEB88FF001E5234 /* Project object */ = {
			isa = PBXProject;
			attributes = {
				LastSwiftUpdateCheck = 0920;
				LastUpgradeCheck = 0920;
				ORGANIZATIONNAME = "Bart Chrzaszcz";
				TargetAttributes = {
					CC72DE9D1FEB88FF001E5234 = {
						CreatedOnToolsVersion = 9.2;
						ProvisioningStyle = Automatic;
					};
				};
			};
			buildConfigurationList = CC72DE991FEB88FF001E5234 /* Build configuration list for PBXProject "Learning Swift Command Line" */;
			compatibilityVersion = "Xcode 8.0";
			developmentRegion = en;
			hasScannedForEncodings = 0;
			knownRegions = (
				en,
			);
			mainGroup = CC72DE951FEB88FF001E5234;
			productRefGroup = CC72DE9F1FEB88FF001E5234 /* Products */;
			projectDirPath = "";
			projectRoot = "";
			targets = (
				CC72DE9D1FEB88FF001E5234 /* Learning Swift Command Line */,
			);
		};
/* End PBXProject section */

/* Begin PBXSourcesBuildPhase section */
		CC72DE9A1FEB88FF001E5234 /* Sources */ = {
			isa = PBXSourcesBuildPhase;
			buildActionMask = 2147483647;
			files = (
				CC72DEAB1FEB8B20001E5234 /* ShowGenre.swift in Sources */,
				CC72DEA91FEB8A46001E5234 /* Invitee.swift in Sources */,
				CC72DEAD1FEB8B9C001E5234 /* InviteList.swift in Sources */,
				CC72DEA21FEB88FF001E5234 /* main.swift in Sources */,
			);
			runOnlyForDeploymentPostprocessing = 0;
		};
/* End PBXSourcesBuildPhase section */

/* Begin XCBuildConfiguration section */
		CC72DEA31FEB88FF001E5234 /* Debug */ = {
			isa = XCBuildConfiguration;
			buildSettings = {
				ALWAYS_SEARCH_USER_PATHS = NO;
				CLANG_ANALYZER_NONNULL = YES;
				CLANG_ANALYZER_NUMBER_OBJECT_CONVERSION = YES_AGGRESSIVE;
				CLANG_CXX_LANGUAGE_STANDARD = "gnu++14";
				CLANG_CXX_LIBRARY = "libc++";
				CLANG_ENABLE_MODULES = YES;
				CLANG_ENABLE_OBJC_ARC = YES;
				CLANG_WARN_BLOCK_CAPTURE_AUTORELEASING = YES;
				CLANG_WARN_BOOL_CONVERSION = YES;
				CLANG_WARN_COMMA = YES;
				CLANG_WARN_CONSTANT_CONVERSION = YES;
				CLANG_WARN_DIRECT_OBJC_ISA_USAGE = YES_ERROR;
				CLANG_WARN_DOCUMENTATION_COMMENTS = YES;
				CLANG_WARN_EMPTY_BODY = YES;
				CLANG_WARN_ENUM_CONVERSION = YES;
				CLANG_WARN_INFINITE_RECURSION = YES;
				CLANG_WARN_INT_CONVERSION = YES;
				CLANG_WARN_NON_LITERAL_NULL_CONVERSION = YES;
				CLANG_WARN_OBJC_LITERAL_CONVERSION = YES;
				CLANG_WARN_OBJC_ROOT_CLASS = YES_ERROR;
				CLANG_WARN_RANGE_LOOP_ANALYSIS = YES;
				CLANG_WARN_STRICT_PROTOTYPES = YES;
				CLANG_WARN_SUSPICIOUS_MOVE = YES;
				CLANG_WARN_UNGUARDED_AVAILABILITY = YES_AGGRESSIVE;
				CLANG_WARN_UNREACHABLE_CODE = YES;
				CLANG_WARN__DUPLICATE_METHOD_MATCH = YES;
				CODE_SIGN_IDENTITY = "-";
				COPY_PHASE_STRIP = NO;
				DEBUG_INFORMATION_FORMAT = dwarf;
				ENABLE_STRICT_OBJC_MSGSEND = YES;
				ENABLE_TESTABILITY = YES;
				GCC_C_LANGUAGE_STANDARD = gnu11;
				GCC_DYNAMIC_NO_PIC = NO;
				GCC_NO_COMMON_BLOCKS = YES;
				GCC_OPTIMIZATION_LEVEL = 0;
				GCC_PREPROCESSOR_DEFINITIONS = (
					"DEBUG=1",
					"$(inherited)",
				);
				GCC_WARN_64_TO_32_BIT_CONVERSION = YES;
				GCC_WARN_ABOUT_RETURN_TYPE = YES_ERROR;
				GCC_WARN_UNDECLARED_SELECTOR = YES;
				GCC_WARN_UNINITIALIZED_AUTOS = YES_AGGRESSIVE;
				GCC_WARN_UNUSED_FUNCTION = YES;
				GCC_WARN_UNUSED_VARIABLE = YES;
				MACOSX_DEPLOYMENT_TARGET = 10.13;
				MTL_ENABLE_DEBUG_INFO = YES;
				ONLY_ACTIVE_ARCH = YES;
				SDKROOT = macosx;
				SWIFT_ACTIVE_COMPILATION_CONDITIONS = DEBUG;
				SWIFT_OPTIMIZATION_LEVEL = "-Onone";
			};
			name = Debug;
		};
		CC72DEA41FEB88FF001E5234 /* Release */ = {
			isa = XCBuildConfiguration;
			buildSettings = {
				ALWAYS_SEARCH_USER_PATHS = NO;
				CLANG_ANALYZER_NONNULL = YES;
				CLANG_ANALYZER_NUMBER_OBJECT_CONVERSION = YES_AGGRESSIVE;
				CLANG_CXX_LANGUAGE_STANDARD = "gnu++14";
				CLANG_CXX_LIBRARY = "libc++";
				CLANG_ENABLE_MODULES = YES;
				CLANG_ENABLE_OBJC_ARC = YES;
				CLANG_WARN_BLOCK_CAPTURE_AUTORELEASING = YES;
				CLANG_WARN_BOOL_CONVERSION = YES;
				CLANG_WARN_COMMA = YES;
				CLANG_WARN_CONSTANT_CONVERSION = YES;
				CLANG_WARN_DIRECT_OBJC_ISA_USAGE = YES_ERROR;
				CLANG_WARN_DOCUMENTATION_COMMENTS = YES;
				CLANG_WARN_EMPTY_BODY = YES;
				CLANG_WARN_ENUM_CONVERSION = YES;
				CLANG_WARN_INFINITE_RECURSION = YES;
				CLANG_WARN_INT_CONVERSION = YES;
				CLANG_WARN_NON_LITERAL_NULL_CONVERSION = YES;
				CLANG_WARN_OBJC_LITERAL_CONVERSION = YES;
				CLANG_WARN_OBJC_ROOT_CLASS = YES_ERROR;
				CLANG_WARN_RANGE_LOOP_ANALYSIS = YES;
				CLANG_WARN_STRICT_PROTOTYPES = YES;
				CLANG_WARN_SUSPICIOUS_MOVE = YES;
				CLANG_WARN_UNGUARDED_AVAILABILITY = YES_AGGRESSIVE;
				CLANG_WARN_UNREACHABLE_CODE = YES;
				CLANG_WARN__DUPLICATE_METHOD_MATCH = YES;
				CODE_SIGN_IDENTITY = "-";
				COPY_PHASE_STRIP = NO;
				DEBUG_INFORMATION_FORMAT = "dwarf-with-dsym";
				ENABLE_NS_ASSERTIONS = NO;
				ENABLE_STRICT_OBJC_MSGSEND = YES;
				GCC_C_LANGUAGE_STANDARD = gnu11;
				GCC_NO_COMMON_BLOCKS = YES;
				GCC_WARN_64_TO_32_BIT_CONVERSION = YES;
				GCC_WARN_ABOUT_RETURN_TYPE = YES_ERROR;
				GCC_WARN_UNDECLARED_SELECTOR = YES;
				GCC_WARN_UNINITIALIZED_AUTOS = YES_AGGRESSIVE;
				GCC_WARN_UNUSED_FUNCTION = YES;
				GCC_WARN_UNUSED_VARIABLE = YES;
				MACOSX_DEPLOYMENT_TARGET = 10.13;
				MTL_ENABLE_DEBUG_INFO = NO;
				SDKROOT = macosx;
				SWIFT_OPTIMIZATION_LEVEL = "-Owholemodule";
			};
			name = Release;
		};
		CC72DEA61FEB88FF001E5234 /* Debug */ = {
			isa = XCBuildConfiguration;
			buildSettings = {
				CODE_SIGN_STYLE = Automatic;
				PRODUCT_NAME = "$(TARGET_NAME)";
				SWIFT_VERSION = 4.0;
			};
			name = Debug;
		};
		CC72DEA71FEB88FF001E5234 /* Release */ = {
			isa = XCBuildConfiguration;
			buildSettings = {
				CODE_SIGN_STYLE = Automatic;
				PRODUCT_NAME = "$(TARGET_NAME)";
				SWIFT_VERSION = 4.0;
			};
			name = Release;
		};
/* End XCBuildConfiguration section */

/* Begin XCConfigurationList section */
		CC72DE991FEB88FF001E5234 /* Build configuration list for PBXProject "Learning Swift Command Line" */ = {
			isa = XCConfigurationList;
			buildConfigurations = (
				CC72DEA31FEB88FF001E5234 /* Debug */,
				CC72DEA41FEB88FF001E5234 /* Release */,
			);
			defaultConfigurationIsVisible = 0;
			defaultConfigurationName = Release;
		};
		CC72DEA51FEB88FF001E5234 /* Build configuration list for PBXNativeTarget "Learning Swift Command Line" */ = {
			isa = XCConfigurationList;
			buildConfigurations = (
				CC72DEA61FEB88FF001E5234 /* Debug */,
				CC72DEA71FEB88FF001E5234 /* Release */,
			);
			defaultConfigurationIsVisible = 0;
			defaultConfigurationName = Release;
		};
/* End XCConfigurationList section */
	};
	rootObject = CC72DE961FEB88FF001E5234 /* Project object */;
}
