// !$*UTF8*$!
{
	archiveVersion = 1;
	classes = {
	};
	objectVersion = 48;
	objects = {

/* Begin PBXBuildFile section */
		CC781B361FF0B006004AF421 /* AppDelegate.swift in Sources */ = {isa = PBXBuildFile; fileRef = CC781B351FF0B006004AF421 /* AppDelegate.swift */; };
		CC781B381FF0B006004AF421 /* ViewController.swift in Sources */ = {isa = PBXBuildFile; fileRef = CC781B371FF0B006004AF421 /* ViewController.swift */; };
		CC781B3B1FF0B006004AF421 /* Main.storyboard in Resources */ = {isa = PBXBuildFile; fileRef = CC781B391FF0B006004AF421 /* Main.storyboard */; };
		CC781B3D1FF0B006004AF421 /* Assets.xcassets in Resources */ = {isa = PBXBuildFile; fileRef = CC781B3C1FF0B006004AF421 /* Assets.xcassets */; };
		CC781B401FF0B006004AF421 /* LaunchScreen.storyboard in Resources */ = {isa = PBXBuildFile; fileRef = CC781B3E1FF0B006004AF421 /* LaunchScreen.storyboard */; };
		CC781B4B1FF0B006004AF421 /* GuessTheNumberTests.swift in Sources */ = {isa = PBXBuildFile; fileRef = CC781B4A1FF0B006004AF421 /* GuessTheNumberTests.swift */; };
		CC781B561FF0B006004AF421 /* GuessTheNumberUITests.swift in Sources */ = {isa = PBXBuildFile; fileRef = CC781B551FF0B006004AF421 /* GuessTheNumberUITests.swift */; };
/* End PBXBuildFile section */

/* Begin PBXContainerItemProxy section */
		CC781B471FF0B006004AF421 /* PBXContainerItemProxy */ = {
			isa = PBXContainerItemProxy;
			containerPortal = CC781B2A1FF0B006004AF421 /* Project object */;
			proxyType = 1;
			remoteGlobalIDString = CC781B311FF0B006004AF421;
			remoteInfo = GuessTheNumber;
		};
		CC781B521FF0B006004AF421 /* PBXContainerItemProxy */ = {
			isa = PBXContainerItemProxy;
			containerPortal = CC781B2A1FF0B006004AF421 /* Project object */;
			proxyType = 1;
			remoteGlobalIDString = CC781B311FF0B006004AF421;
			remoteInfo = GuessTheNumber;
		};
/* End PBXContainerItemProxy section */

/* Begin PBXFileReference section */
		CC781B321FF0B006004AF421 /* GuessTheNumber.app */ = {isa = PBXFileReference; explicitFileType = wrapper.application; includeInIndex = 0; path = GuessTheNumber.app; sourceTree = BUILT_PRODUCTS_DIR; };
		CC781B351FF0B006004AF421 /* AppDelegate.swift */ = {isa = PBXFileReference; lastKnownFileType = sourcecode.swift; path = AppDelegate.swift; sourceTree = "<group>"; };
		CC781B371FF0B006004AF421 /* ViewController.swift */ = {isa = PBXFileReference; lastKnownFileType = sourcecode.swift; path = ViewController.swift; sourceTree = "<group>"; };
		CC781B3A1FF0B006004AF421 /* Base */ = {isa = PBXFileReference; lastKnownFileType = file.storyboard; name = Base; path = Base.lproj/Main.storyboard; sourceTree = "<group>"; };
		CC781B3C1FF0B006004AF421 /* Assets.xcassets */ = {isa = PBXFileReference; lastKnownFileType = folder.assetcatalog; path = Assets.xcassets; sourceTree = "<group>"; };
		CC781B3F1FF0B006004AF421 /* Base */ = {isa = PBXFileReference; lastKnownFileType = file.storyboard; name = Base; path = Base.lproj/LaunchScreen.storyboard; sourceTree = "<group>"; };
		CC781B411FF0B006004AF421 /* Info.plist */ = {isa = PBXFileReference; lastKnownFileType = text.plist.xml; path = Info.plist; sourceTree = "<group>"; };
		CC781B461FF0B006004AF421 /* GuessTheNumberTests.xctest */ = {isa = PBXFileReference; explicitFileType = wrapper.cfbundle; includeInIndex = 0; path = GuessTheNumberTests.xctest; sourceTree = BUILT_PRODUCTS_DIR; };
		CC781B4A1FF0B006004AF421 /* GuessTheNumberTests.swift */ = {isa = PBXFileReference; lastKnownFileType = sourcecode.swift; path = GuessTheNumberTests.swift; sourceTree = "<group>"; };
		CC781B4C1FF0B006004AF421 /* Info.plist */ = {isa = PBXFileReference; lastKnownFileType = text.plist.xml; path = Info.plist; sourceTree = "<group>"; };
		CC781B511FF0B006004AF421 /* GuessTheNumberUITests.xctest */ = {isa = PBXFileReference; explicitFileType = wrapper.cfbundle; includeInIndex = 0; path = GuessTheNumberUITests.xctest; sourceTree = BUILT_PRODUCTS_DIR; };
		CC781B551FF0B006004AF421 /* GuessTheNumberUITests.swift */ = {isa = PBXFileReference; lastKnownFileType = sourcecode.swift; path = GuessTheNumberUITests.swift; sourceTree = "<group>"; };
		CC781B571FF0B006004AF421 /* Info.plist */ = {isa = PBXFileReference; lastKnownFileType = text.plist.xml; path = Info.plist; sourceTree = "<group>"; };
/* End PBXFileReference section */

/* Begin PBXFrameworksBuildPhase section */
		CC781B2F1FF0B006004AF421 /* Frameworks */ = {
			isa = PBXFrameworksBuildPhase;
			buildActionMask = 2147483647;
			files = (
			);
			runOnlyForDeploymentPostprocessing = 0;
		};
		CC781B431FF0B006004AF421 /* Frameworks */ = {
			isa = PBXFrameworksBuildPhase;
			buildActionMask = 2147483647;
			files = (
			);
			runOnlyForDeploymentPostprocessing = 0;
		};
		CC781B4E1FF0B006004AF421 /* Frameworks */ = {
			isa = PBXFrameworksBuildPhase;
			buildActionMask = 2147483647;
			files = (
			);
			runOnlyForDeploymentPostprocessing = 0;
		};
/* End PBXFrameworksBuildPhase section */

/* Begin PBXGroup section */
		CC781B291FF0B006004AF421 = {
			isa = PBXGroup;
			children = (
				CC781B341FF0B006004AF421 /* GuessTheNumber */,
				CC781B491FF0B006004AF421 /* GuessTheNumberTests */,
				CC781B541FF0B006004AF421 /* GuessTheNumberUITests */,
				CC781B331FF0B006004AF421 /* Products */,
			);
			sourceTree = "<group>";
		};
		CC781B331FF0B006004AF421 /* Products */ = {
			isa = PBXGroup;
			children = (
				CC781B321FF0B006004AF421 /* GuessTheNumber.app */,
				CC781B461FF0B006004AF421 /* GuessTheNumberTests.xctest */,
				CC781B511FF0B006004AF421 /* GuessTheNumberUITests.xctest */,
			);
			name = Products;
			sourceTree = "<group>";
		};
		CC781B341FF0B006004AF421 /* GuessTheNumber */ = {
			isa = PBXGroup;
			children = (
				CC781B351FF0B006004AF421 /* AppDelegate.swift */,
				CC781B371FF0B006004AF421 /* ViewController.swift */,
				CC781B391FF0B006004AF421 /* Main.storyboard */,
				CC781B3C1FF0B006004AF421 /* Assets.xcassets */,
				CC781B3E1FF0B006004AF421 /* LaunchScreen.storyboard */,
				CC781B411FF0B006004AF421 /* Info.plist */,
			);
			path = GuessTheNumber;
			sourceTree = "<group>";
		};
		CC781B491FF0B006004AF421 /* GuessTheNumberTests */ = {
			isa = PBXGroup;
			children = (
				CC781B4A1FF0B006004AF421 /* GuessTheNumberTests.swift */,
				CC781B4C1FF0B006004AF421 /* Info.plist */,
			);
			path = GuessTheNumberTests;
			sourceTree = "<group>";
		};
		CC781B541FF0B006004AF421 /* GuessTheNumberUITests */ = {
			isa = PBXGroup;
			children = (
				CC781B551FF0B006004AF421 /* GuessTheNumberUITests.swift */,
				CC781B571FF0B006004AF421 /* Info.plist */,
			);
			path = GuessTheNumberUITests;
			sourceTree = "<group>";
		};
/* End PBXGroup section */

/* Begin PBXNativeTarget section */
		CC781B311FF0B006004AF421 /* GuessTheNumber */ = {
			isa = PBXNativeTarget;
			buildConfigurationList = CC781B5A1FF0B006004AF421 /* Build configuration list for PBXNativeTarget "GuessTheNumber" */;
			buildPhases = (
				CC781B2E1FF0B006004AF421 /* Sources */,
				CC781B2F1FF0B006004AF421 /* Frameworks */,
				CC781B301FF0B006004AF421 /* Resources */,
			);
			buildRules = (
			);
			dependencies = (
			);
			name = GuessTheNumber;
			productName = GuessTheNumber;
			productReference = CC781B321FF0B006004AF421 /* GuessTheNumber.app */;
			productType = "com.apple.product-type.application";
		};
		CC781B451FF0B006004AF421 /* GuessTheNumberTests */ = {
			isa = PBXNativeTarget;
			buildConfigurationList = CC781B5D1FF0B006004AF421 /* Build configuration list for PBXNativeTarget "GuessTheNumberTests" */;
			buildPhases = (
				CC781B421FF0B006004AF421 /* Sources */,
				CC781B431FF0B006004AF421 /* Frameworks */,
				CC781B441FF0B006004AF421 /* Resources */,
			);
			buildRules = (
			);
			dependencies = (
				CC781B481FF0B006004AF421 /* PBXTargetDependency */,
			);
			name = GuessTheNumberTests;
			productName = GuessTheNumberTests;
			productReference = CC781B461FF0B006004AF421 /* GuessTheNumberTests.xctest */;
			productType = "com.apple.product-type.bundle.unit-test";
		};
		CC781B501FF0B006004AF421 /* GuessTheNumberUITests */ = {
			isa = PBXNativeTarget;
			buildConfigurationList = CC781B601FF0B006004AF421 /* Build configuration list for PBXNativeTarget "GuessTheNumberUITests" */;
			buildPhases = (
				CC781B4D1FF0B006004AF421 /* Sources */,
				CC781B4E1FF0B006004AF421 /* Frameworks */,
				CC781B4F1FF0B006004AF421 /* Resources */,
			);
			buildRules = (
			);
			dependencies = (
				CC781B531FF0B006004AF421 /* PBXTargetDependency */,
			);
			name = GuessTheNumberUITests;
			productName = GuessTheNumberUITests;
			productReference = CC781B511FF0B006004AF421 /* GuessTheNumberUITests.xctest */;
			productType = "com.apple.product-type.bundle.ui-testing";
		};
/* End PBXNativeTarget section */

/* Begin PBXProject section */
		CC781B2A1FF0B006004AF421 /* Project object */ = {
			isa = PBXProject;
			attributes = {
				LastSwiftUpdateCheck = 0920;
				LastUpgradeCheck = 0920;
				ORGANIZATIONNAME = "Bart Chrzaszcz";
				TargetAttributes = {
					CC781B311FF0B006004AF421 = {
						CreatedOnToolsVersion = 9.2;
						ProvisioningStyle = Automatic;
					};
					CC781B451FF0B006004AF421 = {
						CreatedOnToolsVersion = 9.2;
						ProvisioningStyle = Automatic;
						TestTargetID = CC781B311FF0B006004AF421;
					};
					CC781B501FF0B006004AF421 = {
						CreatedOnToolsVersion = 9.2;
						ProvisioningStyle = Automatic;
						TestTargetID = CC781B311FF0B006004AF421;
					};
				};
			};
			buildConfigurationList = CC781B2D1FF0B006004AF421 /* Build configuration list for PBXProject "GuessTheNumber" */;
			compatibilityVersion = "Xcode 8.0";
			developmentRegion = en;
			hasScannedForEncodings = 0;
			knownRegions = (
				en,
				Base,
			);
			mainGroup = CC781B291FF0B006004AF421;
			productRefGroup = CC781B331FF0B006004AF421 /* Products */;
			projectDirPath = "";
			projectRoot = "";
			targets = (
				CC781B311FF0B006004AF421 /* GuessTheNumber */,
				CC781B451FF0B006004AF421 /* GuessTheNumberTests */,
				CC781B501FF0B006004AF421 /* GuessTheNumberUITests */,
			);
		};
/* End PBXProject section */

/* Begin PBXResourcesBuildPhase section */
		CC781B301FF0B006004AF421 /* Resources */ = {
			isa = PBXResourcesBuildPhase;
			buildActionMask = 2147483647;
			files = (
				CC781B401FF0B006004AF421 /* LaunchScreen.storyboard in Resources */,
				CC781B3D1FF0B006004AF421 /* Assets.xcassets in Resources */,
				CC781B3B1FF0B006004AF421 /* Main.storyboard in Resources */,
			);
			runOnlyForDeploymentPostprocessing = 0;
		};
		CC781B441FF0B006004AF421 /* Resources */ = {
			isa = PBXResourcesBuildPhase;
			buildActionMask = 2147483647;
			files = (
			);
			runOnlyForDeploymentPostprocessing = 0;
		};
		CC781B4F1FF0B006004AF421 /* Resources */ = {
			isa = PBXResourcesBuildPhase;
			buildActionMask = 2147483647;
			files = (
			);
			runOnlyForDeploymentPostprocessing = 0;
		};
/* End PBXResourcesBuildPhase section */

/* Begin PBXSourcesBuildPhase section */
		CC781B2E1FF0B006004AF421 /* Sources */ = {
			isa = PBXSourcesBuildPhase;
			buildActionMask = 2147483647;
			files = (
				CC781B381FF0B006004AF421 /* ViewController.swift in Sources */,
				CC781B361FF0B006004AF421 /* AppDelegate.swift in Sources */,
			);
			runOnlyForDeploymentPostprocessing = 0;
		};
		CC781B421FF0B006004AF421 /* Sources */ = {
			isa = PBXSourcesBuildPhase;
			buildActionMask = 2147483647;
			files = (
				CC781B4B1FF0B006004AF421 /* GuessTheNumberTests.swift in Sources */,
			);
			runOnlyForDeploymentPostprocessing = 0;
		};
		CC781B4D1FF0B006004AF421 /* Sources */ = {
			isa = PBXSourcesBuildPhase;
			buildActionMask = 2147483647;
			files = (
				CC781B561FF0B006004AF421 /* GuessTheNumberUITests.swift in Sources */,
			);
			runOnlyForDeploymentPostprocessing = 0;
		};
/* End PBXSourcesBuildPhase section */

/* Begin PBXTargetDependency section */
		CC781B481FF0B006004AF421 /* PBXTargetDependency */ = {
			isa = PBXTargetDependency;
			target = CC781B311FF0B006004AF421 /* GuessTheNumber */;
			targetProxy = CC781B471FF0B006004AF421 /* PBXContainerItemProxy */;
		};
		CC781B531FF0B006004AF421 /* PBXTargetDependency */ = {
			isa = PBXTargetDependency;
			target = CC781B311FF0B006004AF421 /* GuessTheNumber */;
			targetProxy = CC781B521FF0B006004AF421 /* PBXContainerItemProxy */;
		};
/* End PBXTargetDependency section */

/* Begin PBXVariantGroup section */
		CC781B391FF0B006004AF421 /* Main.storyboard */ = {
			isa = PBXVariantGroup;
			children = (
				CC781B3A1FF0B006004AF421 /* Base */,
			);
			name = Main.storyboard;
			sourceTree = "<group>";
		};
		CC781B3E1FF0B006004AF421 /* LaunchScreen.storyboard */ = {
			isa = PBXVariantGroup;
			children = (
				CC781B3F1FF0B006004AF421 /* Base */,
			);
			name = LaunchScreen.storyboard;
			sourceTree = "<group>";
		};
/* End PBXVariantGroup section */

/* Begin XCBuildConfiguration section */
		CC781B581FF0B006004AF421 /* Debug */ = {
			isa = XCBuildConfiguration;
			buildSettings = {
				ALWAYS_SEARCH_USER_PATHS = NO;
				CLANG_ANALYZER_NONNULL = YES;
				CLANG_ANALYZER_NUMBER_OBJECT_CONVERSION = YES_AGGRESSIVE;
				CLANG_CXX_LANGUAGE_STANDARD = "gnu++14";
				CLANG_CXX_LIBRARY = "libc++";
				CLANG_ENABLE_MODULES = YES;
				CLANG_ENABLE_OBJC_ARC = YES;
				CLANG_WARN_BLOCK_CAPTURE_AUTORELEASING = YES;
				CLANG_WARN_BOOL_CONVERSION = YES;
				CLANG_WARN_COMMA = YES;
				CLANG_WARN_CONSTANT_CONVERSION = YES;
				CLANG_WARN_DIRECT_OBJC_ISA_USAGE = YES_ERROR;
				CLANG_WARN_DOCUMENTATION_COMMENTS = YES;
				CLANG_WARN_EMPTY_BODY = YES;
				CLANG_WARN_ENUM_CONVERSION = YES;
				CLANG_WARN_INFINITE_RECURSION = YES;
				CLANG_WARN_INT_CONVERSION = YES;
				CLANG_WARN_NON_LITERAL_NULL_CONVERSION = YES;
				CLANG_WARN_OBJC_LITERAL_CONVERSION = YES;
				CLANG_WARN_OBJC_ROOT_CLASS = YES_ERROR;
				CLANG_WARN_RANGE_LOOP_ANALYSIS = YES;
				CLANG_WARN_STRICT_PROTOTYPES = YES;
				CLANG_WARN_SUSPICIOUS_MOVE = YES;
				CLANG_WARN_UNGUARDED_AVAILABILITY = YES_AGGRESSIVE;
				CLANG_WARN_UNREACHABLE_CODE = YES;
				CLANG_WARN__DUPLICATE_METHOD_MATCH = YES;
				CODE_SIGN_IDENTITY = "iPhone Developer";
				COPY_PHASE_STRIP = NO;
				DEBUG_INFORMATION_FORMAT = dwarf;
				ENABLE_STRICT_OBJC_MSGSEND = YES;
				ENABLE_TESTABILITY = YES;
				GCC_C_LANGUAGE_STANDARD = gnu11;
				GCC_DYNAMIC_NO_PIC = NO;
				GCC_NO_COMMON_BLOCKS = YES;
				GCC_OPTIMIZATION_LEVEL = 0;
				GCC_PREPROCESSOR_DEFINITIONS = (
					"DEBUG=1",
					"$(inherited)",
				);
				GCC_WARN_64_TO_32_BIT_CONVERSION = YES;
				GCC_WARN_ABOUT_RETURN_TYPE = YES_ERROR;
				GCC_WARN_UNDECLARED_SELECTOR = YES;
				GCC_WARN_UNINITIALIZED_AUTOS = YES_AGGRESSIVE;
				GCC_WARN_UNUSED_FUNCTION = YES;
				GCC_WARN_UNUSED_VARIABLE = YES;
				IPHONEOS_DEPLOYMENT_TARGET = 11.2;
				MTL_ENABLE_DEBUG_INFO = YES;
				ONLY_ACTIVE_ARCH = YES;
				SDKROOT = iphoneos;
				SWIFT_ACTIVE_COMPILATION_CONDITIONS = DEBUG;
				SWIFT_OPTIMIZATION_LEVEL = "-Onone";
			};
			name = Debug;
		};
		CC781B591FF0B006004AF421 /* Release */ = {
			isa = XCBuildConfiguration;
			buildSettings = {
				ALWAYS_SEARCH_USER_PATHS = NO;
				CLANG_ANALYZER_NONNULL = YES;
				CLANG_ANALYZER_NUMBER_OBJECT_CONVERSION = YES_AGGRESSIVE;
				CLANG_CXX_LANGUAGE_STANDARD = "gnu++14";
				CLANG_CXX_LIBRARY = "libc++";
				CLANG_ENABLE_MODULES = YES;
				CLANG_ENABLE_OBJC_ARC = YES;
				CLANG_WARN_BLOCK_CAPTURE_AUTORELEASING = YES;
				CLANG_WARN_BOOL_CONVERSION = YES;
				CLANG_WARN_COMMA = YES;
				CLANG_WARN_CONSTANT_CONVERSION = YES;
				CLANG_WARN_DIRECT_OBJC_ISA_USAGE = YES_ERROR;
				CLANG_WARN_DOCUMENTATION_COMMENTS = YES;
				CLANG_WARN_EMPTY_BODY = YES;
				CLANG_WARN_ENUM_CONVERSION = YES;
				CLANG_WARN_INFINITE_RECURSION = YES;
				CLANG_WARN_INT_CONVERSION = YES;
				CLANG_WARN_NON_LITERAL_NULL_CONVERSION = YES;
				CLANG_WARN_OBJC_LITERAL_CONVERSION = YES;
				CLANG_WARN_OBJC_ROOT_CLASS = YES_ERROR;
				CLANG_WARN_RANGE_LOOP_ANALYSIS = YES;
				CLANG_WARN_STRICT_PROTOTYPES = YES;
				CLANG_WARN_SUSPICIOUS_MOVE = YES;
				CLANG_WARN_UNGUARDED_AVAILABILITY = YES_AGGRESSIVE;
				CLANG_WARN_UNREACHABLE_CODE = YES;
				CLANG_WARN__DUPLICATE_METHOD_MATCH = YES;
				CODE_SIGN_IDENTITY = "iPhone Developer";
				COPY_PHASE_STRIP = NO;
				DEBUG_INFORMATION_FORMAT = "dwarf-with-dsym";
				ENABLE_NS_ASSERTIONS = NO;
				ENABLE_STRICT_OBJC_MSGSEND = YES;
				GCC_C_LANGUAGE_STANDARD = gnu11;
				GCC_NO_COMMON_BLOCKS = YES;
				GCC_WARN_64_TO_32_BIT_CONVERSION = YES;
				GCC_WARN_ABOUT_RETURN_TYPE = YES_ERROR;
				GCC_WARN_UNDECLARED_SELECTOR = YES;
				GCC_WARN_UNINITIALIZED_AUTOS = YES_AGGRESSIVE;
				GCC_WARN_UNUSED_FUNCTION = YES;
				GCC_WARN_UNUSED_VARIABLE = YES;
				IPHONEOS_DEPLOYMENT_TARGET = 11.2;
				MTL_ENABLE_DEBUG_INFO = NO;
				SDKROOT = iphoneos;
				SWIFT_OPTIMIZATION_LEVEL = "-Owholemodule";
				VALIDATE_PRODUCT = YES;
			};
			name = Release;
		};
		CC781B5B1FF0B006004AF421 /* Debug */ = {
			isa = XCBuildConfiguration;
			buildSettings = {
				ASSETCATALOG_COMPILER_APPICON_NAME = AppIcon;
				CODE_SIGN_STYLE = Automatic;
				DEVELOPMENT_TEAM = CE3VTACW36;
				INFOPLIST_FILE = GuessTheNumber/Info.plist;
				IPHONEOS_DEPLOYMENT_TARGET = 11.2;
				LD_RUNPATH_SEARCH_PATHS = "$(inherited) @executable_path/Frameworks";
				PRODUCT_BUNDLE_IDENTIFIER = bart.co.GuessTheNumber;
				PRODUCT_NAME = "$(TARGET_NAME)";
				SWIFT_VERSION = 4.0;
				TARGETED_DEVICE_FAMILY = "1,2";
			};
			name = Debug;
		};
		CC781B5C1FF0B006004AF421 /* Release */ = {
			isa = XCBuildConfiguration;
			buildSettings = {
				ASSETCATALOG_COMPILER_APPICON_NAME = AppIcon;
				CODE_SIGN_STYLE = Automatic;
				DEVELOPMENT_TEAM = CE3VTACW36;
				INFOPLIST_FILE = GuessTheNumber/Info.plist;
				IPHONEOS_DEPLOYMENT_TARGET = 11.2;
				LD_RUNPATH_SEARCH_PATHS = "$(inherited) @executable_path/Frameworks";
				PRODUCT_BUNDLE_IDENTIFIER = bart.co.GuessTheNumber;
				PRODUCT_NAME = "$(TARGET_NAME)";
				SWIFT_VERSION = 4.0;
				TARGETED_DEVICE_FAMILY = "1,2";
			};
			name = Release;
		};
		CC781B5E1FF0B006004AF421 /* Debug */ = {
			isa = XCBuildConfiguration;
			buildSettings = {
				ALWAYS_EMBED_SWIFT_STANDARD_LIBRARIES = YES;
				BUNDLE_LOADER = "$(TEST_HOST)";
				CODE_SIGN_STYLE = Automatic;
				DEVELOPMENT_TEAM = CE3VTACW36;
				INFOPLIST_FILE = GuessTheNumberTests/Info.plist;
				LD_RUNPATH_SEARCH_PATHS = "$(inherited) @executable_path/Frameworks @loader_path/Frameworks";
				PRODUCT_BUNDLE_IDENTIFIER = bart.co.GuessTheNumberTests;
				PRODUCT_NAME = "$(TARGET_NAME)";
				SWIFT_VERSION = 4.0;
				TARGETED_DEVICE_FAMILY = "1,2";
				TEST_HOST = "$(BUILT_PRODUCTS_DIR)/GuessTheNumber.app/GuessTheNumber";
			};
			name = Debug;
		};
		CC781B5F1FF0B006004AF421 /* Release */ = {
			isa = XCBuildConfiguration;
			buildSettings = {
				ALWAYS_EMBED_SWIFT_STANDARD_LIBRARIES = YES;
				BUNDLE_LOADER = "$(TEST_HOST)";
				CODE_SIGN_STYLE = Automatic;
				DEVELOPMENT_TEAM = CE3VTACW36;
				INFOPLIST_FILE = GuessTheNumberTests/Info.plist;
				LD_RUNPATH_SEARCH_PATHS = "$(inherited) @executable_path/Frameworks @loader_path/Frameworks";
				PRODUCT_BUNDLE_IDENTIFIER = bart.co.GuessTheNumberTests;
				PRODUCT_NAME = "$(TARGET_NAME)";
				SWIFT_VERSION = 4.0;
				TARGETED_DEVICE_FAMILY = "1,2";
				TEST_HOST = "$(BUILT_PRODUCTS_DIR)/GuessTheNumber.app/GuessTheNumber";
			};
			name = Release;
		};
		CC781B611FF0B006004AF421 /* Debug */ = {
			isa = XCBuildConfiguration;
			buildSettings = {
				ALWAYS_EMBED_SWIFT_STANDARD_LIBRARIES = YES;
				CODE_SIGN_STYLE = Automatic;
				DEVELOPMENT_TEAM = CE3VTACW36;
				INFOPLIST_FILE = GuessTheNumberUITests/Info.plist;
				LD_RUNPATH_SEARCH_PATHS = "$(inherited) @executable_path/Frameworks @loader_path/Frameworks";
				PRODUCT_BUNDLE_IDENTIFIER = bart.co.GuessTheNumberUITests;
				PRODUCT_NAME = "$(TARGET_NAME)";
				SWIFT_VERSION = 4.0;
				TARGETED_DEVICE_FAMILY = "1,2";
				TEST_TARGET_NAME = GuessTheNumber;
			};
			name = Debug;
		};
		CC781B621FF0B006004AF421 /* Release */ = {
			isa = XCBuildConfiguration;
			buildSettings = {
				ALWAYS_EMBED_SWIFT_STANDARD_LIBRARIES = YES;
				CODE_SIGN_STYLE = Automatic;
				DEVELOPMENT_TEAM = CE3VTACW36;
				INFOPLIST_FILE = GuessTheNumberUITests/Info.plist;
				LD_RUNPATH_SEARCH_PATHS = "$(inherited) @executable_path/Frameworks @loader_path/Frameworks";
				PRODUCT_BUNDLE_IDENTIFIER = bart.co.GuessTheNumberUITests;
				PRODUCT_NAME = "$(TARGET_NAME)";
				SWIFT_VERSION = 4.0;
				TARGETED_DEVICE_FAMILY = "1,2";
				TEST_TARGET_NAME = GuessTheNumber;
			};
			name = Release;
		};
/* End XCBuildConfiguration section */

/* Begin XCConfigurationList section */
		CC781B2D1FF0B006004AF421 /* Build configuration list for PBXProject "GuessTheNumber" */ = {
			isa = XCConfigurationList;
			buildConfigurations = (
				CC781B581FF0B006004AF421 /* Debug */,
				CC781B591FF0B006004AF421 /* Release */,
			);
			defaultConfigurationIsVisible = 0;
			defaultConfigurationName = Release;
		};
		CC781B5A1FF0B006004AF421 /* Build configuration list for PBXNativeTarget "GuessTheNumber" */ = {
			isa = XCConfigurationList;
			buildConfigurations = (
				CC781B5B1FF0B006004AF421 /* Debug */,
				CC781B5C1FF0B006004AF421 /* Release */,
			);
			defaultConfigurationIsVisible = 0;
			defaultConfigurationName = Release;
		};
		CC781B5D1FF0B006004AF421 /* Build configuration list for PBXNativeTarget "GuessTheNumberTests" */ = {
			isa = XCConfigurationList;
			buildConfigurations = (
				CC781B5E1FF0B006004AF421 /* Debug */,
				CC781B5F1FF0B006004AF421 /* Release */,
			);
			defaultConfigurationIsVisible = 0;
			defaultConfigurationName = Release;
		};
		CC781B601FF0B006004AF421 /* Build configuration list for PBXNativeTarget "GuessTheNumberUITests" */ = {
			isa = XCConfigurationList;
			buildConfigurations = (
				CC781B611FF0B006004AF421 /* Debug */,
				CC781B621FF0B006004AF421 /* Release */,
			);
			defaultConfigurationIsVisible = 0;
			defaultConfigurationName = Release;
		};
/* End XCConfigurationList section */
	};
	rootObject = CC781B2A1FF0B006004AF421 /* Project object */;
}
